Microsoft Visual Studio Solution File, Format Version 12.00
# Visual Studio Version 17
VisualStudioVersion = 17.0.31903.59
MinimumVisualStudioVersion = 10.0.40219.1
Project("{9A19103F-16F7-4668-BE54-9A1E7A4F7556}") = "LMS.WcfService", "LMS.WcfService\LMS.WcfService.csproj", "{B5A8E5C0-8C8F-4C1D-9B1A-2E3F4D5C6A7B}"
EndProject
Project("{9A19103F-16F7-4668-BE54-9A1E7A4F7556}") = "ERP.ConsumerService", "ERP.ConsumerService\ERP.ConsumerService.csproj", "{C6B9F6D1-9D9G-5D2E-AC2B-3F4G5E6D7C8D}"
EndProject
Project("{9A19103F-16F7-4668-BE54-9A1E7A4F7556}") = "ServiceBus.Shared", "ServiceBus.Shared\ServiceBus.Shared.csproj", "{D7CAFE2-AE1H-6E3F-BD3C-4G5H6F7E8F9E}"
EndProject
Project("{9A19103F-16F7-4668-BE54-9A1E7A4F7556}") = "Integration.Tests", "Integration.Tests\Integration.Tests.csproj", "{E8DBGF3-BF2I-7F4G-CE4D-5H6I7G8F9G0F}"
EndProject
Project("{9A19103F-16F7-4668-BE54-9A1E7A4F7556}") = "TestClient", "TestClient\TestClient.csproj", "{F9ECBG4-CG3J-8G5H-DF5E-6I7J8H9G0H1G}"
EndProject
Project("{9A19103F-16F7-4668-BE54-9A1E7A4F7556}") = "MessageDeliveryTest", "MessageDeliveryTest\MessageDeliveryTest.csproj", "{H1GECH6-EI5L-AH7J-FH7G-8K9L0J1I2J3I}"
EndProject
Project("{9A19103F-16F7-4668-BE54-9A1E7A4F7556}") = "CompleteEndToEndTest", "CompleteEndToEndTest\CompleteEndToEndTest.csproj", "{J3IGJK8-IK7N-CK9L-HK9I-AL1N2L3K4L5K}"
EndProject
Global
	GlobalSection(SolutionConfigurationPlatforms) = preSolution
		Debug|Any CPU = Debug|Any CPU
		Release|Any CPU = Release|Any CPU
	EndGlobalSection
	GlobalSection(ProjectConfigurationPlatforms) = postSolution
		{B5A8E5C0-8C8F-4C1D-9B1A-2E3F4D5C6A7B}.Debug|Any CPU.ActiveCfg = Debug|Any CPU
		{B5A8E5C0-8C8F-4C1D-9B1A-2E3F4D5C6A7B}.Debug|Any CPU.Build.0 = Debug|Any CPU
		{B5A8E5C0-8C8F-4C1D-9B1A-2E3F4D5C6A7B}.Release|Any CPU.ActiveCfg = Release|Any CPU
		{B5A8E5C0-8C8F-4C1D-9B1A-2E3F4D5C6A7B}.Release|Any CPU.Build.0 = Release|Any CPU
		{C6B9F6D1-9D9G-5D2E-AC2B-3F4G5E6D7C8D}.Debug|Any CPU.ActiveCfg = Debug|Any CPU
		{C6B9F6D1-9D9G-5D2E-AC2B-3F4G5E6D7C8D}.Debug|Any CPU.Build.0 = Debug|Any CPU
		{C6B9F6D1-9D9G-5D2E-AC2B-3F4G5E6D7C8D}.Release|Any CPU.ActiveCfg = Release|Any CPU
		{C6B9F6D1-9D9G-5D2E-AC2B-3F4G5E6D7C8D}.Release|Any CPU.Build.0 = Release|Any CPU
		{D7CAFE2-AE1H-6E3F-BD3C-4G5H6F7E8F9E}.Debug|Any CPU.ActiveCfg = Debug|Any CPU
		{D7CAFE2-AE1H-6E3F-BD3C-4G5H6F7E8F9E}.Debug|Any CPU.Build.0 = Debug|Any CPU
		{D7CAFE2-AE1H-6E3F-BD3C-4G5H6F7E8F9E}.Release|Any CPU.ActiveCfg = Release|Any CPU
		{D7CAFE2-AE1H-6E3F-BD3C-4G5H6F7E8F9E}.Release|Any CPU.Build.0 = Release|Any CPU
		{E8DBGF3-BF2I-7F4G-CE4D-5H6I7G8F9G0F}.Debug|Any CPU.ActiveCfg = Debug|Any CPU
		{E8DBGF3-BF2I-7F4G-CE4D-5H6I7G8F9G0F}.Debug|Any CPU.Build.0 = Debug|Any CPU
		{E8DBGF3-BF2I-7F4G-CE4D-5H6I7G8F9G0F}.Release|Any CPU.ActiveCfg = Release|Any CPU
		{E8DBGF3-BF2I-7F4G-CE4D-5H6I7G8F9G0F}.Release|Any CPU.Build.0 = Release|Any CPU
		{F9ECBG4-CG3J-8G5H-DF5E-6I7J8H9G0H1G}.Debug|Any CPU.ActiveCfg = Debug|Any CPU
		{F9ECBG4-CG3J-8G5H-DF5E-6I7J8H9G0H1G}.Debug|Any CPU.Build.0 = Debug|Any CPU
		{F9ECBG4-CG3J-8G5H-DF5E-6I7J8H9G0H1G}.Release|Any CPU.ActiveCfg = Release|Any CPU
		{F9ECBG4-CG3J-8G5H-DF5E-6I7J8H9G0H1G}.Release|Any CPU.Build.0 = Release|Any CPU
		{H1GECH6-EI5L-AH7J-FH7G-8K9L0J1I2J3I}.Debug|Any CPU.ActiveCfg = Debug|Any CPU
		{H1GECH6-EI5L-AH7J-FH7G-8K9L0J1I2J3I}.Debug|Any CPU.Build.0 = Debug|Any CPU
		{H1GECH6-EI5L-AH7J-FH7G-8K9L0J1I2J3I}.Release|Any CPU.ActiveCfg = Release|Any CPU
		{H1GECH6-EI5L-AH7J-FH7G-8K9L0J1I2J3I}.Release|Any CPU.Build.0 = Release|Any CPU
		{J3IGJK8-IK7N-CK9L-HK9I-AL1N2L3K4L5K}.Debug|Any CPU.ActiveCfg = Debug|Any CPU
		{J3IGJK8-IK7N-CK9L-HK9I-AL1N2L3K4L5K}.Debug|Any CPU.Build.0 = Debug|Any CPU
		{J3IGJK8-IK7N-CK9L-HK9I-AL1N2L3K4L5K}.Release|Any CPU.ActiveCfg = Release|Any CPU
		{J3IGJK8-IK7N-CK9L-HK9I-AL1N2L3K4L5K}.Release|Any CPU.Build.0 = Release|Any CPU
	EndGlobalSection
	GlobalSection(SolutionProperties) = preSolution
		HideSolutionNode = FALSE
	EndGlobalSection
EndGlobal
